// !$*UTF8*$!
{
	archiveVersion = 1;
	classes = {
	};
	objectVersion = 50;
	objects = {

/* Begin PBXBuildFile section */
		FF3099A821A1CFF3003A2DB9 /* AppDelegate.swift in Sources */ = {isa = PBXBuildFile; fileRef = FF3099A721A1CFF3003A2DB9 /* AppDelegate.swift */; };
		FF3099AA21A1CFF3003A2DB9 /* ViewController.swift in Sources */ = {isa = PBXBuildFile; fileRef = FF3099A921A1CFF3003A2DB9 /* ViewController.swift */; };
		FF3099AD21A1CFF3003A2DB9 /* Main.storyboard in Resources */ = {isa = PBXBuildFile; fileRef = FF3099AB21A1CFF3003A2DB9 /* Main.storyboard */; };
		FF3099AF21A1CFF6003A2DB9 /* Assets.xcassets in Resources */ = {isa = PBXBuildFile; fileRef = FF3099AE21A1CFF6003A2DB9 /* Assets.xcassets */; };
		FF3099B221A1CFF6003A2DB9 /* LaunchScreen.storyboard in Resources */ = {isa = PBXBuildFile; fileRef = FF3099B021A1CFF6003A2DB9 /* LaunchScreen.storyboard */; };
		FF3099BB21A1D7BB003A2DB9 /* CoreLocation.framework in Frameworks */ = {isa = PBXBuildFile; fileRef = FF3099BA21A1D7BB003A2DB9 /* CoreLocation.framework */; };
		FF3099BD21A33E1C003A2DB9 /* WhereAmIApp.storyboard in Resources */ = {isa = PBXBuildFile; fileRef = FF3099BC21A33E1C003A2DB9 /* WhereAmIApp.storyboard */; };
		FF3099BF21A34390003A2DB9 /* WhereAmIAppViewController.swift in Sources */ = {isa = PBXBuildFile; fileRef = FF3099BE21A34390003A2DB9 /* WhereAmIAppViewController.swift */; };
/* End PBXBuildFile section */

/* Begin PBXFileReference section */
		FF3099A421A1CFF3003A2DB9 /* MapsLearning.app */ = {isa = PBXFileReference; explicitFileType = wrapper.application; includeInIndex = 0; path = MapsLearning.app; sourceTree = BUILT_PRODUCTS_DIR; };
		FF3099A721A1CFF3003A2DB9 /* AppDelegate.swift */ = {isa = PBXFileReference; lastKnownFileType = sourcecode.swift; path = AppDelegate.swift; sourceTree = "<group>"; };
		FF3099A921A1CFF3003A2DB9 /* ViewController.swift */ = {isa = PBXFileReference; lastKnownFileType = sourcecode.swift; path = ViewController.swift; sourceTree = "<group>"; };
		FF3099AC21A1CFF3003A2DB9 /* Base */ = {isa = PBXFileReference; lastKnownFileType = file.storyboard; name = Base; path = Base.lproj/Main.storyboard; sourceTree = "<group>"; };
		FF3099AE21A1CFF6003A2DB9 /* Assets.xcassets */ = {isa = PBXFileReference; lastKnownFileType = folder.assetcatalog; path = Assets.xcassets; sourceTree = "<group>"; };
		FF3099B121A1CFF6003A2DB9 /* Base */ = {isa = PBXFileReference; lastKnownFileType = file.storyboard; name = Base; path = Base.lproj/LaunchScreen.storyboard; sourceTree = "<group>"; };
		FF3099B321A1CFF6003A2DB9 /* Info.plist */ = {isa = PBXFileReference; lastKnownFileType = text.plist.xml; path = Info.plist; sourceTree = "<group>"; };
		FF3099BA21A1D7BB003A2DB9 /* CoreLocation.framework */ = {isa = PBXFileReference; lastKnownFileType = wrapper.framework; name = CoreLocation.framework; path = System/Library/Frameworks/CoreLocation.framework; sourceTree = SDKROOT; };
		FF3099BC21A33E1C003A2DB9 /* WhereAmIApp.storyboard */ = {isa = PBXFileReference; lastKnownFileType = file.storyboard; path = WhereAmIApp.storyboard; sourceTree = "<group>"; };
		FF3099BE21A34390003A2DB9 /* WhereAmIAppViewController.swift */ = {isa = PBXFileReference; lastKnownFileType = sourcecode.swift; path = WhereAmIAppViewController.swift; sourceTree = "<group>"; };
/* End PBXFileReference section */

/* Begin PBXFrameworksBuildPhase section */
		FF3099A121A1CFF3003A2DB9 /* Frameworks */ = {
			isa = PBXFrameworksBuildPhase;
			buildActionMask = 2147483647;
			files = (
				FF3099BB21A1D7BB003A2DB9 /* CoreLocation.framework in Frameworks */,
			);
			runOnlyForDeploymentPostprocessing = 0;
		};
/* End PBXFrameworksBuildPhase section */

/* Begin PBXGroup section */
		FF30999B21A1CFF3003A2DB9 = {
			isa = PBXGroup;
			children = (
				FF3099A621A1CFF3003A2DB9 /* MapsLearning */,
				FF3099A521A1CFF3003A2DB9 /* Products */,
				FF3099B921A1D7BA003A2DB9 /* Frameworks */,
			);
			sourceTree = "<group>";
		};
		FF3099A521A1CFF3003A2DB9 /* Products */ = {
			isa = PBXGroup;
			children = (
				FF3099A421A1CFF3003A2DB9 /* MapsLearning.app */,
			);
			name = Products;
			sourceTree = "<group>";
		};
		FF3099A621A1CFF3003A2DB9 /* MapsLearning */ = {
			isa = PBXGroup;
			children = (
				FF3099A721A1CFF3003A2DB9 /* AppDelegate.swift */,
				FF3099A921A1CFF3003A2DB9 /* ViewController.swift */,
				FF3099AB21A1CFF3003A2DB9 /* Main.storyboard */,
				FF3099AE21A1CFF6003A2DB9 /* Assets.xcassets */,
				FF3099B021A1CFF6003A2DB9 /* LaunchScreen.storyboard */,
				FF3099B321A1CFF6003A2DB9 /* Info.plist */,
				FF3099BC21A33E1C003A2DB9 /* WhereAmIApp.storyboard */,
				FF3099BE21A34390003A2DB9 /* WhereAmIAppViewController.swift */,
			);
			path = MapsLearning;
			sourceTree = "<group>";
		};
		FF3099B921A1D7BA003A2DB9 /* Frameworks */ = {
			isa = PBXGroup;
			children = (
				FF3099BA21A1D7BB003A2DB9 /* CoreLocation.framework */,
			);
			name = Frameworks;
			sourceTree = "<group>";
		};
/* End PBXGroup section */

/* Begin PBXNativeTarget section */
		FF3099A321A1CFF3003A2DB9 /* MapsLearning */ = {
			isa = PBXNativeTarget;
			buildConfigurationList = FF3099B621A1CFF6003A2DB9 /* Build configuration list for PBXNativeTarget "MapsLearning" */;
			buildPhases = (
				FF3099A021A1CFF3003A2DB9 /* Sources */,
				FF3099A121A1CFF3003A2DB9 /* Frameworks */,
				FF3099A221A1CFF3003A2DB9 /* Resources */,
			);
			buildRules = (
			);
			dependencies = (
			);
			name = MapsLearning;
			productName = MapsLearning;
			productReference = FF3099A421A1CFF3003A2DB9 /* MapsLearning.app */;
			productType = "com.apple.product-type.application";
		};
/* End PBXNativeTarget section */

/* Begin PBXProject section */
		FF30999C21A1CFF3003A2DB9 /* Project object */ = {
			isa = PBXProject;
			attributes = {
				LastSwiftUpdateCheck = 1000;
				LastUpgradeCheck = 1000;
				ORGANIZATIONNAME = "Curso iOS";
				TargetAttributes = {
					FF3099A321A1CFF3003A2DB9 = {
						CreatedOnToolsVersion = 10.0;
					};
				};
			};
			buildConfigurationList = FF30999F21A1CFF3003A2DB9 /* Build configuration list for PBXProject "MapsLearning" */;
			compatibilityVersion = "Xcode 9.3";
			developmentRegion = en;
			hasScannedForEncodings = 0;
			knownRegions = (
				en,
				Base,
			);
			mainGroup = FF30999B21A1CFF3003A2DB9;
			productRefGroup = FF3099A521A1CFF3003A2DB9 /* Products */;
			projectDirPath = "";
			projectRoot = "";
			targets = (
				FF3099A321A1CFF3003A2DB9 /* MapsLearning */,
			);
		};
/* End PBXProject section */

/* Begin PBXResourcesBuildPhase section */
		FF3099A221A1CFF3003A2DB9 /* Resources */ = {
			isa = PBXResourcesBuildPhase;
			buildActionMask = 2147483647;
			files = (
				FF3099BD21A33E1C003A2DB9 /* WhereAmIApp.storyboard in Resources */,
				FF3099B221A1CFF6003A2DB9 /* LaunchScreen.storyboard in Resources */,
				FF3099AF21A1CFF6003A2DB9 /* Assets.xcassets in Resources */,
				FF3099AD21A1CFF3003A2DB9 /* Main.storyboard in Resources */,
			);
			runOnlyForDeploymentPostprocessing = 0;
		};
/* End PBXResourcesBuildPhase section */

/* Begin PBXSourcesBuildPhase section */
		FF3099A021A1CFF3003A2DB9 /* Sources */ = {
			isa = PBXSourcesBuildPhase;
			buildActionMask = 2147483647;
			files = (
				FF3099AA21A1CFF3003A2DB9 /* ViewController.swift in Sources */,
				FF3099BF21A34390003A2DB9 /* WhereAmIAppViewController.swift in Sources */,
				FF3099A821A1CFF3003A2DB9 /* AppDelegate.swift in Sources */,
			);
			runOnlyForDeploymentPostprocessing = 0;
		};
/* End PBXSourcesBuildPhase section */

/* Begin PBXVariantGroup section */
		FF3099AB21A1CFF3003A2DB9 /* Main.storyboard */ = {
			isa = PBXVariantGroup;
			children = (
				FF3099AC21A1CFF3003A2DB9 /* Base */,
			);
			name = Main.storyboard;
			sourceTree = "<group>";
		};
		FF3099B021A1CFF6003A2DB9 /* LaunchScreen.storyboard */ = {
			isa = PBXVariantGroup;
			children = (
				FF3099B121A1CFF6003A2DB9 /* Base */,
			);
			name = LaunchScreen.storyboard;
			sourceTree = "<group>";
		};
/* End PBXVariantGroup section */

/* Begin XCBuildConfiguration section */
		FF3099B421A1CFF6003A2DB9 /* Debug */ = {
			isa = XCBuildConfiguration;
			buildSettings = {
				ALWAYS_SEARCH_USER_PATHS = NO;
				CLANG_ANALYZER_NONNULL = YES;
				CLANG_ANALYZER_NUMBER_OBJECT_CONVERSION = YES_AGGRESSIVE;
				CLANG_CXX_LANGUAGE_STANDARD = "gnu++14";
				CLANG_CXX_LIBRARY = "libc++";
				CLANG_ENABLE_MODULES = YES;
				CLANG_ENABLE_OBJC_ARC = YES;
				CLANG_ENABLE_OBJC_WEAK = YES;
				CLANG_WARN_BLOCK_CAPTURE_AUTORELEASING = YES;
				CLANG_WARN_BOOL_CONVERSION = YES;
				CLANG_WARN_COMMA = YES;
				CLANG_WARN_CONSTANT_CONVERSION = YES;
				CLANG_WARN_DEPRECATED_OBJC_IMPLEMENTATIONS = YES;
				CLANG_WARN_DIRECT_OBJC_ISA_USAGE = YES_ERROR;
				CLANG_WARN_DOCUMENTATION_COMMENTS = YES;
				CLANG_WARN_EMPTY_BODY = YES;
				CLANG_WARN_ENUM_CONVERSION = YES;
				CLANG_WARN_INFINITE_RECURSION = YES;
				CLANG_WARN_INT_CONVERSION = YES;
				CLANG_WARN_NON_LITERAL_NULL_CONVERSION = YES;
				CLANG_WARN_OBJC_IMPLICIT_RETAIN_SELF = YES;
				CLANG_WARN_OBJC_LITERAL_CONVERSION = YES;
				CLANG_WARN_OBJC_ROOT_CLASS = YES_ERROR;
				CLANG_WARN_RANGE_LOOP_ANALYSIS = YES;
				CLANG_WARN_STRICT_PROTOTYPES = YES;
				CLANG_WARN_SUSPICIOUS_MOVE = YES;
				CLANG_WARN_UNGUARDED_AVAILABILITY = YES_AGGRESSIVE;
				CLANG_WARN_UNREACHABLE_CODE = YES;
				CLANG_WARN__DUPLICATE_METHOD_MATCH = YES;
				CODE_SIGN_IDENTITY = "iPhone Developer";
				COPY_PHASE_STRIP = NO;
				DEBUG_INFORMATION_FORMAT = dwarf;
				ENABLE_STRICT_OBJC_MSGSEND = YES;
				ENABLE_TESTABILITY = YES;
				GCC_C_LANGUAGE_STANDARD = gnu11;
				GCC_DYNAMIC_NO_PIC = NO;
				GCC_NO_COMMON_BLOCKS = YES;
				GCC_OPTIMIZATION_LEVEL = 0;
				GCC_PREPROCESSOR_DEFINITIONS = (
					"DEBUG=1",
					"$(inherited)",
				);
				GCC_WARN_64_TO_32_BIT_CONVERSION = YES;
				GCC_WARN_ABOUT_RETURN_TYPE = YES_ERROR;
				GCC_WARN_UNDECLARED_SELECTOR = YES;
				GCC_WARN_UNINITIALIZED_AUTOS = YES_AGGRESSIVE;
				GCC_WARN_UNUSED_FUNCTION = YES;
				GCC_WARN_UNUSED_VARIABLE = YES;
				IPHONEOS_DEPLOYMENT_TARGET = 12.0;
				MTL_ENABLE_DEBUG_INFO = INCLUDE_SOURCE;
				MTL_FAST_MATH = YES;
				ONLY_ACTIVE_ARCH = YES;
				SDKROOT = iphoneos;
				SWIFT_ACTIVE_COMPILATION_CONDITIONS = DEBUG;
				SWIFT_OPTIMIZATION_LEVEL = "-Onone";
			};
			name = Debug;
		};
		FF3099B521A1CFF6003A2DB9 /* Release */ = {
			isa = XCBuildConfiguration;
			buildSettings = {
				ALWAYS_SEARCH_USER_PATHS = NO;
				CLANG_ANALYZER_NONNULL = YES;
				CLANG_ANALYZER_NUMBER_OBJECT_CONVERSION = YES_AGGRESSIVE;
				CLANG_CXX_LANGUAGE_STANDARD = "gnu++14";
				CLANG_CXX_LIBRARY = "libc++";
				CLANG_ENABLE_MODULES = YES;
				CLANG_ENABLE_OBJC_ARC = YES;
				CLANG_ENABLE_OBJC_WEAK = YES;
				CLANG_WARN_BLOCK_CAPTURE_AUTORELEASING = YES;
				CLANG_WARN_BOOL_CONVERSION = YES;
				CLANG_WARN_COMMA = YES;
				CLANG_WARN_CONSTANT_CONVERSION = YES;
				CLANG_WARN_DEPRECATED_OBJC_IMPLEMENTATIONS = YES;
				CLANG_WARN_DIRECT_OBJC_ISA_USAGE = YES_ERROR;
				CLANG_WARN_DOCUMENTATION_COMMENTS = YES;
				CLANG_WARN_EMPTY_BODY = YES;
				CLANG_WARN_ENUM_CONVERSION = YES;
				CLANG_WARN_INFINITE_RECURSION = YES;
				CLANG_WARN_INT_CONVERSION = YES;
				CLANG_WARN_NON_LITERAL_NULL_CONVERSION = YES;
				CLANG_WARN_OBJC_IMPLICIT_RETAIN_SELF = YES;
				CLANG_WARN_OBJC_LITERAL_CONVERSION = YES;
				CLANG_WARN_OBJC_ROOT_CLASS = YES_ERROR;
				CLANG_WARN_RANGE_LOOP_ANALYSIS = YES;
				CLANG_WARN_STRICT_PROTOTYPES = YES;
				CLANG_WARN_SUSPICIOUS_MOVE = YES;
				CLANG_WARN_UNGUARDED_AVAILABILITY = YES_AGGRESSIVE;
				CLANG_WARN_UNREACHABLE_CODE = YES;
				CLANG_WARN__DUPLICATE_METHOD_MATCH = YES;
				CODE_SIGN_IDENTITY = "iPhone Developer";
				COPY_PHASE_STRIP = NO;
				DEBUG_INFORMATION_FORMAT = "dwarf-with-dsym";
				ENABLE_NS_ASSERTIONS = NO;
				ENABLE_STRICT_OBJC_MSGSEND = YES;
				GCC_C_LANGUAGE_STANDARD = gnu11;
				GCC_NO_COMMON_BLOCKS = YES;
				GCC_WARN_64_TO_32_BIT_CONVERSION = YES;
				GCC_WARN_ABOUT_RETURN_TYPE = YES_ERROR;
				GCC_WARN_UNDECLARED_SELECTOR = YES;
				GCC_WARN_UNINITIALIZED_AUTOS = YES_AGGRESSIVE;
				GCC_WARN_UNUSED_FUNCTION = YES;
				GCC_WARN_UNUSED_VARIABLE = YES;
				IPHONEOS_DEPLOYMENT_TARGET = 12.0;
				MTL_ENABLE_DEBUG_INFO = NO;
				MTL_FAST_MATH = YES;
				SDKROOT = iphoneos;
				SWIFT_COMPILATION_MODE = wholemodule;
				SWIFT_OPTIMIZATION_LEVEL = "-O";
				VALIDATE_PRODUCT = YES;
			};
			name = Release;
		};
		FF3099B721A1CFF6003A2DB9 /* Debug */ = {
			isa = XCBuildConfiguration;
			buildSettings = {
				ASSETCATALOG_COMPILER_APPICON_NAME = AppIcon;
				CODE_SIGN_STYLE = Automatic;
				DEVELOPMENT_TEAM = 45QT42KGPB;
				INFOPLIST_FILE = MapsLearning/Info.plist;
				LD_RUNPATH_SEARCH_PATHS = (
					"$(inherited)",
					"@executable_path/Frameworks",
				);
				PRODUCT_BUNDLE_IDENTIFIER = com.cursoios12udemy.MapsLearning;
				PRODUCT_NAME = "$(TARGET_NAME)";
				SWIFT_VERSION = 4.2;
				TARGETED_DEVICE_FAMILY = "1,2";
			};
			name = Debug;
		};
		FF3099B821A1CFF6003A2DB9 /* Release */ = {
			isa = XCBuildConfiguration;
			buildSettings = {
				ASSETCATALOG_COMPILER_APPICON_NAME = AppIcon;
				CODE_SIGN_STYLE = Automatic;
				DEVELOPMENT_TEAM = 45QT42KGPB;
				INFOPLIST_FILE = MapsLearning/Info.plist;
				LD_RUNPATH_SEARCH_PATHS = (
					"$(inherited)",
					"@executable_path/Frameworks",
				);
				PRODUCT_BUNDLE_IDENTIFIER = com.cursoios12udemy.MapsLearning;
				PRODUCT_NAME = "$(TARGET_NAME)";
				SWIFT_VERSION = 4.2;
				TARGETED_DEVICE_FAMILY = "1,2";
			};
			name = Release;
		};
/* End XCBuildConfiguration section */

/* Begin XCConfigurationList section */
		FF30999F21A1CFF3003A2DB9 /* Build configuration list for PBXProject "MapsLearning" */ = {
			isa = XCConfigurationList;
			buildConfigurations = (
				FF3099B421A1CFF6003A2DB9 /* Debug */,
				FF3099B521A1CFF6003A2DB9 /* Release */,
			);
			defaultConfigurationIsVisible = 0;
			defaultConfigurationName = Release;
		};
		FF3099B621A1CFF6003A2DB9 /* Build configuration list for PBXNativeTarget "MapsLearning" */ = {
			isa = XCConfigurationList;
			buildConfigurations = (
				FF3099B721A1CFF6003A2DB9 /* Debug */,
				FF3099B821A1CFF6003A2DB9 /* Release */,
			);
			defaultConfigurationIsVisible = 0;
			defaultConfigurationName = Release;
		};
/* End XCConfigurationList section */
	};
	rootObject = FF30999C21A1CFF3003A2DB9 /* Project object */;
}
